
Microsoft Visual Studio Solution File, Format Version 12.00
# Visual Studio 15
VisualStudioVersion = 15.0.27703.2035
MinimumVisualStudioVersion = 10.0.40219.1
Project("{9A19103F-16F7-4668-BE54-9A1E7A4F7556}") = "NodeBot", "NodeOrchestrator\NodeBot.csproj", "{15A635EA-CC71-4164-8BDF-08A1179FB020}"
EndProject
Project("{9A19103F-16F7-4668-BE54-9A1E7A4F7556}") = "NodeBotPlayground", "Playground\NodeBotPlayground.csproj", "{2AB0A537-E9A0-4B57-9B23-023CA0F8FADA}"
EndProject
Global
	GlobalSection(SolutionConfigurationPlatforms) = preSolution
		Debug|Any CPU = Debug|Any CPU
		Release|Any CPU = Release|Any CPU
	EndGlobalSection
	GlobalSection(ProjectConfigurationPlatforms) = postSolution
		{15A635EA-CC71-4164-8BDF-08A1179FB020}.Debug|Any CPU.ActiveCfg = Debug|Any CPU
		{15A635EA-CC71-4164-8BDF-08A1179FB020}.Debug|Any CPU.Build.0 = Debug|Any CPU
		{15A635EA-CC71-4164-8BDF-08A1179FB020}.Release|Any CPU.ActiveCfg = Release|Any CPU
		{15A635EA-CC71-4164-8BDF-08A1179FB020}.Release|Any CPU.Build.0 = Release|Any CPU
		{2AB0A537-E9A0-4B57-9B23-023CA0F8FADA}.Debug|Any CPU.ActiveCfg = Debug|Any CPU
		{2AB0A537-E9A0-4B57-9B23-023CA0F8FADA}.Debug|Any CPU.Build.0 = Debug|Any CPU
		{2AB0A537-E9A0-4B57-9B23-023CA0F8FADA}.Release|Any CPU.ActiveCfg = Release|Any CPU
		{2AB0A537-E9A0-4B57-9B23-023CA0F8FADA}.Release|Any CPU.Build.0 = Release|Any CPU
	EndGlobalSection
	GlobalSection(SolutionProperties) = preSolution
		HideSolutionNode = FALSE
	EndGlobalSection
	GlobalSection(ExtensibilityGlobals) = postSolution
		SolutionGuid = {DD7E0378-799E-43CC-80F5-F9177D0905BA}
	EndGlobalSection
EndGlobal
